
Microsoft Visual Studio Solution File, Format Version 12.00
# Visual Studio Version 17
VisualStudioVersion = 17.6.33801.468
MinimumVisualStudioVersion = 10.0.40219.1
Project("{FAE04EC0-301F-11D3-BF4B-00C04F79EFBC}") = "ISO.Tests", "ISO.Tests.csproj", "{9FBEBADD-8CE1-41E7-89FF-1375C6E22205}"
EndProject
Project("{9A19103F-16F7-4668-BE54-9A1E7A4F7556}") = "ISO", "..\ISO\ISO.csproj", "{8875AD81-C96E-4C71-8FAC-9F62C8BA20D9}"
EndProject
Global
	GlobalSection(SolutionConfigurationPlatforms) = preSolution
		Debug|Any CPU = Debug|Any CPU
		Release|Any CPU = Release|Any CPU
	EndGlobalSection
	GlobalSection(ProjectConfigurationPlatforms) = postSolution
		{9FBEBADD-8CE1-41E7-89FF-1375C6E22205}.Debug|Any CPU.ActiveCfg = Debug|Any CPU
		{9FBEBADD-8CE1-41E7-89FF-1375C6E22205}.Debug|Any CPU.Build.0 = Debug|Any CPU
		{9FBEBADD-8CE1-41E7-89FF-1375C6E22205}.Release|Any CPU.ActiveCfg = Release|Any CPU
		{9FBEBADD-8CE1-41E7-89FF-1375C6E22205}.Release|Any CPU.Build.0 = Release|Any CPU
		{8875AD81-C96E-4C71-8FAC-9F62C8BA20D9}.Debug|Any CPU.ActiveCfg = Debug|Any CPU
		{8875AD81-C96E-4C71-8FAC-9F62C8BA20D9}.Debug|Any CPU.Build.0 = Debug|Any CPU
		{8875AD81-C96E-4C71-8FAC-9F62C8BA20D9}.Release|Any CPU.ActiveCfg = Release|Any CPU
		{8875AD81-C96E-4C71-8FAC-9F62C8BA20D9}.Release|Any CPU.Build.0 = Release|Any CPU
	EndGlobalSection
	GlobalSection(SolutionProperties) = preSolution
		HideSolutionNode = FALSE
	EndGlobalSection
	GlobalSection(ExtensibilityGlobals) = postSolution
		SolutionGuid = {176B9211-075D-4041-96A7-E399E4318241}
	EndGlobalSection
EndGlobal
