
Microsoft Visual Studio Solution File, Format Version 12.00
VisualStudioVersion = 17.6.33801.468
MinimumVisualStudioVersion = 10.0.40219.1
Project("{FAE04EC0-301F-11D3-BF4B-00C04F79EFBC}") = "ISO", "ISO.csproj", "{91DA183B-720E-4CE1-96BF-AFD6C5D82B00}"
EndProject
Global
	GlobalSection(SolutionConfigurationPlatforms) = preSolution
		Debug|Any CPU = Debug|Any CPU
		Release|Any CPU = Release|Any CPU
	EndGlobalSection
	GlobalSection(ProjectConfigurationPlatforms) = postSolution
		{91DA183B-720E-4CE1-96BF-AFD6C5D82B00}.Debug|Any CPU.ActiveCfg = Debug|Any CPU
		{91DA183B-720E-4CE1-96BF-AFD6C5D82B00}.Debug|Any CPU.Build.0 = Debug|Any CPU
		{91DA183B-720E-4CE1-96BF-AFD6C5D82B00}.Release|Any CPU.ActiveCfg = Release|Any CPU
		{91DA183B-720E-4CE1-96BF-AFD6C5D82B00}.Release|Any CPU.Build.0 = Release|Any CPU
	EndGlobalSection
	GlobalSection(SolutionProperties) = preSolution
		HideSolutionNode = FALSE
	EndGlobalSection
	GlobalSection(ExtensibilityGlobals) = postSolution
		SolutionGuid = {934D0BD2-8381-444A-BAE0-6E4D8014EBFE}
	EndGlobalSection
EndGlobal
